// !$*UTF8*$!
{
	archiveVersion = 1;
	classes = {
	};
	objectVersion = 50;
	objects = {

/* Begin PBXBuildFile section */
		9058709923915701008FF8CF /* AppDelegate.swift in Sources */ = {isa = PBXBuildFile; fileRef = 9058709823915701008FF8CF /* AppDelegate.swift */; };
		9058709B23915701008FF8CF /* SceneDelegate.swift in Sources */ = {isa = PBXBuildFile; fileRef = 9058709A23915701008FF8CF /* SceneDelegate.swift */; };
		9058709D23915701008FF8CF /* ViewController.swift in Sources */ = {isa = PBXBuildFile; fileRef = 9058709C23915701008FF8CF /* ViewController.swift */; };
		905870A023915701008FF8CF /* Main.storyboard in Resources */ = {isa = PBXBuildFile; fileRef = 9058709E23915701008FF8CF /* Main.storyboard */; };
		905870A223915703008FF8CF /* Assets.xcassets in Resources */ = {isa = PBXBuildFile; fileRef = 905870A123915703008FF8CF /* Assets.xcassets */; };
		905870A523915703008FF8CF /* LaunchScreen.storyboard in Resources */ = {isa = PBXBuildFile; fileRef = 905870A323915703008FF8CF /* LaunchScreen.storyboard */; };
		905870B023915703008FF8CF /* ClearScoreTests.swift in Sources */ = {isa = PBXBuildFile; fileRef = 905870AF23915703008FF8CF /* ClearScoreTests.swift */; };
		905870BB23915703008FF8CF /* ClearScoreUITests.swift in Sources */ = {isa = PBXBuildFile; fileRef = 905870BA23915703008FF8CF /* ClearScoreUITests.swift */; };
/* End PBXBuildFile section */

/* Begin PBXContainerItemProxy section */
		905870AC23915703008FF8CF /* PBXContainerItemProxy */ = {
			isa = PBXContainerItemProxy;
			containerPortal = 9058708D23915701008FF8CF /* Project object */;
			proxyType = 1;
			remoteGlobalIDString = 9058709423915701008FF8CF;
			remoteInfo = ClearScore;
		};
		905870B723915703008FF8CF /* PBXContainerItemProxy */ = {
			isa = PBXContainerItemProxy;
			containerPortal = 9058708D23915701008FF8CF /* Project object */;
			proxyType = 1;
			remoteGlobalIDString = 9058709423915701008FF8CF;
			remoteInfo = ClearScore;
		};
/* End PBXContainerItemProxy section */

/* Begin PBXFileReference section */
		9058709523915701008FF8CF /* ClearScore.app */ = {isa = PBXFileReference; explicitFileType = wrapper.application; includeInIndex = 0; path = ClearScore.app; sourceTree = BUILT_PRODUCTS_DIR; };
		9058709823915701008FF8CF /* AppDelegate.swift */ = {isa = PBXFileReference; lastKnownFileType = sourcecode.swift; path = AppDelegate.swift; sourceTree = "<group>"; };
		9058709A23915701008FF8CF /* SceneDelegate.swift */ = {isa = PBXFileReference; lastKnownFileType = sourcecode.swift; path = SceneDelegate.swift; sourceTree = "<group>"; };
		9058709C23915701008FF8CF /* ViewController.swift */ = {isa = PBXFileReference; lastKnownFileType = sourcecode.swift; path = ViewController.swift; sourceTree = "<group>"; };
		9058709F23915701008FF8CF /* Base */ = {isa = PBXFileReference; lastKnownFileType = file.storyboard; name = Base; path = Base.lproj/Main.storyboard; sourceTree = "<group>"; };
		905870A123915703008FF8CF /* Assets.xcassets */ = {isa = PBXFileReference; lastKnownFileType = folder.assetcatalog; path = Assets.xcassets; sourceTree = "<group>"; };
		905870A423915703008FF8CF /* Base */ = {isa = PBXFileReference; lastKnownFileType = file.storyboard; name = Base; path = Base.lproj/LaunchScreen.storyboard; sourceTree = "<group>"; };
		905870A623915703008FF8CF /* Info.plist */ = {isa = PBXFileReference; lastKnownFileType = text.plist.xml; path = Info.plist; sourceTree = "<group>"; };
		905870AB23915703008FF8CF /* ClearScoreTests.xctest */ = {isa = PBXFileReference; explicitFileType = wrapper.cfbundle; includeInIndex = 0; path = ClearScoreTests.xctest; sourceTree = BUILT_PRODUCTS_DIR; };
		905870AF23915703008FF8CF /* ClearScoreTests.swift */ = {isa = PBXFileReference; lastKnownFileType = sourcecode.swift; path = ClearScoreTests.swift; sourceTree = "<group>"; };
		905870B123915703008FF8CF /* Info.plist */ = {isa = PBXFileReference; lastKnownFileType = text.plist.xml; path = Info.plist; sourceTree = "<group>"; };
		905870B623915703008FF8CF /* ClearScoreUITests.xctest */ = {isa = PBXFileReference; explicitFileType = wrapper.cfbundle; includeInIndex = 0; path = ClearScoreUITests.xctest; sourceTree = BUILT_PRODUCTS_DIR; };
		905870BA23915703008FF8CF /* ClearScoreUITests.swift */ = {isa = PBXFileReference; lastKnownFileType = sourcecode.swift; path = ClearScoreUITests.swift; sourceTree = "<group>"; };
		905870BC23915703008FF8CF /* Info.plist */ = {isa = PBXFileReference; lastKnownFileType = text.plist.xml; path = Info.plist; sourceTree = "<group>"; };
/* End PBXFileReference section */

/* Begin PBXFrameworksBuildPhase section */
		9058709223915701008FF8CF /* Frameworks */ = {
			isa = PBXFrameworksBuildPhase;
			buildActionMask = 2147483647;
			files = (
			);
			runOnlyForDeploymentPostprocessing = 0;
		};
		905870A823915703008FF8CF /* Frameworks */ = {
			isa = PBXFrameworksBuildPhase;
			buildActionMask = 2147483647;
			files = (
			);
			runOnlyForDeploymentPostprocessing = 0;
		};
		905870B323915703008FF8CF /* Frameworks */ = {
			isa = PBXFrameworksBuildPhase;
			buildActionMask = 2147483647;
			files = (
			);
			runOnlyForDeploymentPostprocessing = 0;
		};
/* End PBXFrameworksBuildPhase section */

/* Begin PBXGroup section */
		9058708C23915701008FF8CF = {
			isa = PBXGroup;
			children = (
				9058709723915701008FF8CF /* ClearScore */,
				905870AE23915703008FF8CF /* ClearScoreTests */,
				905870B923915703008FF8CF /* ClearScoreUITests */,
				9058709623915701008FF8CF /* Products */,
			);
			sourceTree = "<group>";
		};
		9058709623915701008FF8CF /* Products */ = {
			isa = PBXGroup;
			children = (
				9058709523915701008FF8CF /* ClearScore.app */,
				905870AB23915703008FF8CF /* ClearScoreTests.xctest */,
				905870B623915703008FF8CF /* ClearScoreUITests.xctest */,
			);
			name = Products;
			sourceTree = "<group>";
		};
		9058709723915701008FF8CF /* ClearScore */ = {
			isa = PBXGroup;
			children = (
				9058709823915701008FF8CF /* AppDelegate.swift */,
				9058709A23915701008FF8CF /* SceneDelegate.swift */,
				9058709C23915701008FF8CF /* ViewController.swift */,
				9058709E23915701008FF8CF /* Main.storyboard */,
				905870A123915703008FF8CF /* Assets.xcassets */,
				905870A323915703008FF8CF /* LaunchScreen.storyboard */,
				905870A623915703008FF8CF /* Info.plist */,
			);
			path = ClearScore;
			sourceTree = "<group>";
		};
		905870AE23915703008FF8CF /* ClearScoreTests */ = {
			isa = PBXGroup;
			children = (
				905870AF23915703008FF8CF /* ClearScoreTests.swift */,
				905870B123915703008FF8CF /* Info.plist */,
			);
			path = ClearScoreTests;
			sourceTree = "<group>";
		};
		905870B923915703008FF8CF /* ClearScoreUITests */ = {
			isa = PBXGroup;
			children = (
				905870BA23915703008FF8CF /* ClearScoreUITests.swift */,
				905870BC23915703008FF8CF /* Info.plist */,
			);
			path = ClearScoreUITests;
			sourceTree = "<group>";
		};
/* End PBXGroup section */

/* Begin PBXNativeTarget section */
		9058709423915701008FF8CF /* ClearScore */ = {
			isa = PBXNativeTarget;
			buildConfigurationList = 905870BF23915703008FF8CF /* Build configuration list for PBXNativeTarget "ClearScore" */;
			buildPhases = (
				9058709123915701008FF8CF /* Sources */,
				9058709223915701008FF8CF /* Frameworks */,
				9058709323915701008FF8CF /* Resources */,
			);
			buildRules = (
			);
			dependencies = (
			);
			name = ClearScore;
			productName = ClearScore;
			productReference = 9058709523915701008FF8CF /* ClearScore.app */;
			productType = "com.apple.product-type.application";
		};
		905870AA23915703008FF8CF /* ClearScoreTests */ = {
			isa = PBXNativeTarget;
			buildConfigurationList = 905870C223915703008FF8CF /* Build configuration list for PBXNativeTarget "ClearScoreTests" */;
			buildPhases = (
				905870A723915703008FF8CF /* Sources */,
				905870A823915703008FF8CF /* Frameworks */,
				905870A923915703008FF8CF /* Resources */,
			);
			buildRules = (
			);
			dependencies = (
				905870AD23915703008FF8CF /* PBXTargetDependency */,
			);
			name = ClearScoreTests;
			productName = ClearScoreTests;
			productReference = 905870AB23915703008FF8CF /* ClearScoreTests.xctest */;
			productType = "com.apple.product-type.bundle.unit-test";
		};
		905870B523915703008FF8CF /* ClearScoreUITests */ = {
			isa = PBXNativeTarget;
			buildConfigurationList = 905870C523915703008FF8CF /* Build configuration list for PBXNativeTarget "ClearScoreUITests" */;
			buildPhases = (
				905870B223915703008FF8CF /* Sources */,
				905870B323915703008FF8CF /* Frameworks */,
				905870B423915703008FF8CF /* Resources */,
			);
			buildRules = (
			);
			dependencies = (
				905870B823915703008FF8CF /* PBXTargetDependency */,
			);
			name = ClearScoreUITests;
			productName = ClearScoreUITests;
			productReference = 905870B623915703008FF8CF /* ClearScoreUITests.xctest */;
			productType = "com.apple.product-type.bundle.ui-testing";
		};
/* End PBXNativeTarget section */

/* Begin PBXProject section */
		9058708D23915701008FF8CF /* Project object */ = {
			isa = PBXProject;
			attributes = {
				LastSwiftUpdateCheck = 1110;
				LastUpgradeCheck = 1110;
				ORGANIZATIONNAME = "Osagie Zogie-Odigie";
				TargetAttributes = {
					9058709423915701008FF8CF = {
						CreatedOnToolsVersion = 11.1;
					};
					905870AA23915703008FF8CF = {
						CreatedOnToolsVersion = 11.1;
						TestTargetID = 9058709423915701008FF8CF;
					};
					905870B523915703008FF8CF = {
						CreatedOnToolsVersion = 11.1;
						TestTargetID = 9058709423915701008FF8CF;
					};
				};
			};
			buildConfigurationList = 9058709023915701008FF8CF /* Build configuration list for PBXProject "ClearScore" */;
			compatibilityVersion = "Xcode 9.3";
			developmentRegion = en;
			hasScannedForEncodings = 0;
			knownRegions = (
				en,
				Base,
			);
			mainGroup = 9058708C23915701008FF8CF;
			productRefGroup = 9058709623915701008FF8CF /* Products */;
			projectDirPath = "";
			projectRoot = "";
			targets = (
				9058709423915701008FF8CF /* ClearScore */,
				905870AA23915703008FF8CF /* ClearScoreTests */,
				905870B523915703008FF8CF /* ClearScoreUITests */,
			);
		};
/* End PBXProject section */

/* Begin PBXResourcesBuildPhase section */
		9058709323915701008FF8CF /* Resources */ = {
			isa = PBXResourcesBuildPhase;
			buildActionMask = 2147483647;
			files = (
				905870A523915703008FF8CF /* LaunchScreen.storyboard in Resources */,
				905870A223915703008FF8CF /* Assets.xcassets in Resources */,
				905870A023915701008FF8CF /* Main.storyboard in Resources */,
			);
			runOnlyForDeploymentPostprocessing = 0;
		};
		905870A923915703008FF8CF /* Resources */ = {
			isa = PBXResourcesBuildPhase;
			buildActionMask = 2147483647;
			files = (
			);
			runOnlyForDeploymentPostprocessing = 0;
		};
		905870B423915703008FF8CF /* Resources */ = {
			isa = PBXResourcesBuildPhase;
			buildActionMask = 2147483647;
			files = (
			);
			runOnlyForDeploymentPostprocessing = 0;
		};
/* End PBXResourcesBuildPhase section */

/* Begin PBXSourcesBuildPhase section */
		9058709123915701008FF8CF /* Sources */ = {
			isa = PBXSourcesBuildPhase;
			buildActionMask = 2147483647;
			files = (
				9058709D23915701008FF8CF /* ViewController.swift in Sources */,
				9058709923915701008FF8CF /* AppDelegate.swift in Sources */,
				9058709B23915701008FF8CF /* SceneDelegate.swift in Sources */,
			);
			runOnlyForDeploymentPostprocessing = 0;
		};
		905870A723915703008FF8CF /* Sources */ = {
			isa = PBXSourcesBuildPhase;
			buildActionMask = 2147483647;
			files = (
				905870B023915703008FF8CF /* ClearScoreTests.swift in Sources */,
			);
			runOnlyForDeploymentPostprocessing = 0;
		};
		905870B223915703008FF8CF /* Sources */ = {
			isa = PBXSourcesBuildPhase;
			buildActionMask = 2147483647;
			files = (
				905870BB23915703008FF8CF /* ClearScoreUITests.swift in Sources */,
			);
			runOnlyForDeploymentPostprocessing = 0;
		};
/* End PBXSourcesBuildPhase section */

/* Begin PBXTargetDependency section */
		905870AD23915703008FF8CF /* PBXTargetDependency */ = {
			isa = PBXTargetDependency;
			target = 9058709423915701008FF8CF /* ClearScore */;
			targetProxy = 905870AC23915703008FF8CF /* PBXContainerItemProxy */;
		};
		905870B823915703008FF8CF /* PBXTargetDependency */ = {
			isa = PBXTargetDependency;
			target = 9058709423915701008FF8CF /* ClearScore */;
			targetProxy = 905870B723915703008FF8CF /* PBXContainerItemProxy */;
		};
/* End PBXTargetDependency section */

/* Begin PBXVariantGroup section */
		9058709E23915701008FF8CF /* Main.storyboard */ = {
			isa = PBXVariantGroup;
			children = (
				9058709F23915701008FF8CF /* Base */,
			);
			name = Main.storyboard;
			sourceTree = "<group>";
		};
		905870A323915703008FF8CF /* LaunchScreen.storyboard */ = {
			isa = PBXVariantGroup;
			children = (
				905870A423915703008FF8CF /* Base */,
			);
			name = LaunchScreen.storyboard;
			sourceTree = "<group>";
		};
/* End PBXVariantGroup section */

/* Begin XCBuildConfiguration section */
		905870BD23915703008FF8CF /* Debug */ = {
			isa = XCBuildConfiguration;
			buildSettings = {
				ALWAYS_SEARCH_USER_PATHS = NO;
				CLANG_ANALYZER_NONNULL = YES;
				CLANG_ANALYZER_NUMBER_OBJECT_CONVERSION = YES_AGGRESSIVE;
				CLANG_CXX_LANGUAGE_STANDARD = "gnu++14";
				CLANG_CXX_LIBRARY = "libc++";
				CLANG_ENABLE_MODULES = YES;
				CLANG_ENABLE_OBJC_ARC = YES;
				CLANG_ENABLE_OBJC_WEAK = YES;
				CLANG_WARN_BLOCK_CAPTURE_AUTORELEASING = YES;
				CLANG_WARN_BOOL_CONVERSION = YES;
				CLANG_WARN_COMMA = YES;
				CLANG_WARN_CONSTANT_CONVERSION = YES;
				CLANG_WARN_DEPRECATED_OBJC_IMPLEMENTATIONS = YES;
				CLANG_WARN_DIRECT_OBJC_ISA_USAGE = YES_ERROR;
				CLANG_WARN_DOCUMENTATION_COMMENTS = YES;
				CLANG_WARN_EMPTY_BODY = YES;
				CLANG_WARN_ENUM_CONVERSION = YES;
				CLANG_WARN_INFINITE_RECURSION = YES;
				CLANG_WARN_INT_CONVERSION = YES;
				CLANG_WARN_NON_LITERAL_NULL_CONVERSION = YES;
				CLANG_WARN_OBJC_IMPLICIT_RETAIN_SELF = YES;
				CLANG_WARN_OBJC_LITERAL_CONVERSION = YES;
				CLANG_WARN_OBJC_ROOT_CLASS = YES_ERROR;
				CLANG_WARN_RANGE_LOOP_ANALYSIS = YES;
				CLANG_WARN_STRICT_PROTOTYPES = YES;
				CLANG_WARN_SUSPICIOUS_MOVE = YES;
				CLANG_WARN_UNGUARDED_AVAILABILITY = YES_AGGRESSIVE;
				CLANG_WARN_UNREACHABLE_CODE = YES;
				CLANG_WARN__DUPLICATE_METHOD_MATCH = YES;
				COPY_PHASE_STRIP = NO;
				DEBUG_INFORMATION_FORMAT = dwarf;
				ENABLE_STRICT_OBJC_MSGSEND = YES;
				ENABLE_TESTABILITY = YES;
				GCC_C_LANGUAGE_STANDARD = gnu11;
				GCC_DYNAMIC_NO_PIC = NO;
				GCC_NO_COMMON_BLOCKS = YES;
				GCC_OPTIMIZATION_LEVEL = 0;
				GCC_PREPROCESSOR_DEFINITIONS = (
					"DEBUG=1",
					"$(inherited)",
				);
				GCC_WARN_64_TO_32_BIT_CONVERSION = YES;
				GCC_WARN_ABOUT_RETURN_TYPE = YES_ERROR;
				GCC_WARN_UNDECLARED_SELECTOR = YES;
				GCC_WARN_UNINITIALIZED_AUTOS = YES_AGGRESSIVE;
				GCC_WARN_UNUSED_FUNCTION = YES;
				GCC_WARN_UNUSED_VARIABLE = YES;
				IPHONEOS_DEPLOYMENT_TARGET = 13.1;
				MTL_ENABLE_DEBUG_INFO = INCLUDE_SOURCE;
				MTL_FAST_MATH = YES;
				ONLY_ACTIVE_ARCH = YES;
				SDKROOT = iphoneos;
				SWIFT_ACTIVE_COMPILATION_CONDITIONS = DEBUG;
				SWIFT_OPTIMIZATION_LEVEL = "-Onone";
			};
			name = Debug;
		};
		905870BE23915703008FF8CF /* Release */ = {
			isa = XCBuildConfiguration;
			buildSettings = {
				ALWAYS_SEARCH_USER_PATHS = NO;
				CLANG_ANALYZER_NONNULL = YES;
				CLANG_ANALYZER_NUMBER_OBJECT_CONVERSION = YES_AGGRESSIVE;
				CLANG_CXX_LANGUAGE_STANDARD = "gnu++14";
				CLANG_CXX_LIBRARY = "libc++";
				CLANG_ENABLE_MODULES = YES;
				CLANG_ENABLE_OBJC_ARC = YES;
				CLANG_ENABLE_OBJC_WEAK = YES;
				CLANG_WARN_BLOCK_CAPTURE_AUTORELEASING = YES;
				CLANG_WARN_BOOL_CONVERSION = YES;
				CLANG_WARN_COMMA = YES;
				CLANG_WARN_CONSTANT_CONVERSION = YES;
				CLANG_WARN_DEPRECATED_OBJC_IMPLEMENTATIONS = YES;
				CLANG_WARN_DIRECT_OBJC_ISA_USAGE = YES_ERROR;
				CLANG_WARN_DOCUMENTATION_COMMENTS = YES;
				CLANG_WARN_EMPTY_BODY = YES;
				CLANG_WARN_ENUM_CONVERSION = YES;
				CLANG_WARN_INFINITE_RECURSION = YES;
				CLANG_WARN_INT_CONVERSION = YES;
				CLANG_WARN_NON_LITERAL_NULL_CONVERSION = YES;
				CLANG_WARN_OBJC_IMPLICIT_RETAIN_SELF = YES;
				CLANG_WARN_OBJC_LITERAL_CONVERSION = YES;
				CLANG_WARN_OBJC_ROOT_CLASS = YES_ERROR;
				CLANG_WARN_RANGE_LOOP_ANALYSIS = YES;
				CLANG_WARN_STRICT_PROTOTYPES = YES;
				CLANG_WARN_SUSPICIOUS_MOVE = YES;
				CLANG_WARN_UNGUARDED_AVAILABILITY = YES_AGGRESSIVE;
				CLANG_WARN_UNREACHABLE_CODE = YES;
				CLANG_WARN__DUPLICATE_METHOD_MATCH = YES;
				COPY_PHASE_STRIP = NO;
				DEBUG_INFORMATION_FORMAT = "dwarf-with-dsym";
				ENABLE_NS_ASSERTIONS = NO;
				ENABLE_STRICT_OBJC_MSGSEND = YES;
				GCC_C_LANGUAGE_STANDARD = gnu11;
				GCC_NO_COMMON_BLOCKS = YES;
				GCC_WARN_64_TO_32_BIT_CONVERSION = YES;
				GCC_WARN_ABOUT_RETURN_TYPE = YES_ERROR;
				GCC_WARN_UNDECLARED_SELECTOR = YES;
				GCC_WARN_UNINITIALIZED_AUTOS = YES_AGGRESSIVE;
				GCC_WARN_UNUSED_FUNCTION = YES;
				GCC_WARN_UNUSED_VARIABLE = YES;
				IPHONEOS_DEPLOYMENT_TARGET = 13.1;
				MTL_ENABLE_DEBUG_INFO = NO;
				MTL_FAST_MATH = YES;
				SDKROOT = iphoneos;
				SWIFT_COMPILATION_MODE = wholemodule;
				SWIFT_OPTIMIZATION_LEVEL = "-O";
				VALIDATE_PRODUCT = YES;
			};
			name = Release;
		};
		905870C023915703008FF8CF /* Debug */ = {
			isa = XCBuildConfiguration;
			buildSettings = {
				ASSETCATALOG_COMPILER_APPICON_NAME = AppIcon;
				CODE_SIGN_STYLE = Automatic;
				DEVELOPMENT_TEAM = YF23YAE3CS;
				INFOPLIST_FILE = ClearScore/Info.plist;
				LD_RUNPATH_SEARCH_PATHS = (
					"$(inherited)",
					"@executable_path/Frameworks",
				);
				PRODUCT_BUNDLE_IDENTIFIER = com.rmeideas.ClearScore;
				PRODUCT_NAME = "$(TARGET_NAME)";
				SWIFT_VERSION = 5.0;
				TARGETED_DEVICE_FAMILY = "1,2";
			};
			name = Debug;
		};
		905870C123915703008FF8CF /* Release */ = {
			isa = XCBuildConfiguration;
			buildSettings = {
				ASSETCATALOG_COMPILER_APPICON_NAME = AppIcon;
				CODE_SIGN_STYLE = Automatic;
				DEVELOPMENT_TEAM = YF23YAE3CS;
				INFOPLIST_FILE = ClearScore/Info.plist;
				LD_RUNPATH_SEARCH_PATHS = (
					"$(inherited)",
					"@executable_path/Frameworks",
				);
				PRODUCT_BUNDLE_IDENTIFIER = com.rmeideas.ClearScore;
				PRODUCT_NAME = "$(TARGET_NAME)";
				SWIFT_VERSION = 5.0;
				TARGETED_DEVICE_FAMILY = "1,2";
			};
			name = Release;
		};
		905870C323915703008FF8CF /* Debug */ = {
			isa = XCBuildConfiguration;
			buildSettings = {
				ALWAYS_EMBED_SWIFT_STANDARD_LIBRARIES = YES;
				BUNDLE_LOADER = "$(TEST_HOST)";
				CODE_SIGN_STYLE = Automatic;
				DEVELOPMENT_TEAM = YF23YAE3CS;
				INFOPLIST_FILE = ClearScoreTests/Info.plist;
				IPHONEOS_DEPLOYMENT_TARGET = 13.1;
				LD_RUNPATH_SEARCH_PATHS = (
					"$(inherited)",
					"@executable_path/Frameworks",
					"@loader_path/Frameworks",
				);
				PRODUCT_BUNDLE_IDENTIFIER = com.rmeideas.ClearScoreTests;
				PRODUCT_NAME = "$(TARGET_NAME)";
				SWIFT_VERSION = 5.0;
				TARGETED_DEVICE_FAMILY = "1,2";
				TEST_HOST = "$(BUILT_PRODUCTS_DIR)/ClearScore.app/ClearScore";
			};
			name = Debug;
		};
		905870C423915703008FF8CF /* Release */ = {
			isa = XCBuildConfiguration;
			buildSettings = {
				ALWAYS_EMBED_SWIFT_STANDARD_LIBRARIES = YES;
				BUNDLE_LOADER = "$(TEST_HOST)";
				CODE_SIGN_STYLE = Automatic;
				DEVELOPMENT_TEAM = YF23YAE3CS;
				INFOPLIST_FILE = ClearScoreTests/Info.plist;
				IPHONEOS_DEPLOYMENT_TARGET = 13.1;
				LD_RUNPATH_SEARCH_PATHS = (
					"$(inherited)",
					"@executable_path/Frameworks",
					"@loader_path/Frameworks",
				);
				PRODUCT_BUNDLE_IDENTIFIER = com.rmeideas.ClearScoreTests;
				PRODUCT_NAME = "$(TARGET_NAME)";
				SWIFT_VERSION = 5.0;
				TARGETED_DEVICE_FAMILY = "1,2";
				TEST_HOST = "$(BUILT_PRODUCTS_DIR)/ClearScore.app/ClearScore";
			};
			name = Release;
		};
		905870C623915703008FF8CF /* Debug */ = {
			isa = XCBuildConfiguration;
			buildSettings = {
				ALWAYS_EMBED_SWIFT_STANDARD_LIBRARIES = YES;
				CODE_SIGN_STYLE = Automatic;
				DEVELOPMENT_TEAM = YF23YAE3CS;
				INFOPLIST_FILE = ClearScoreUITests/Info.plist;
				LD_RUNPATH_SEARCH_PATHS = (
					"$(inherited)",
					"@executable_path/Frameworks",
					"@loader_path/Frameworks",
				);
				PRODUCT_BUNDLE_IDENTIFIER = com.rmeideas.ClearScoreUITests;
				PRODUCT_NAME = "$(TARGET_NAME)";
				SWIFT_VERSION = 5.0;
				TARGETED_DEVICE_FAMILY = "1,2";
				TEST_TARGET_NAME = ClearScore;
			};
			name = Debug;
		};
		905870C723915703008FF8CF /* Release */ = {
			isa = XCBuildConfiguration;
			buildSettings = {
				ALWAYS_EMBED_SWIFT_STANDARD_LIBRARIES = YES;
				CODE_SIGN_STYLE = Automatic;
				DEVELOPMENT_TEAM = YF23YAE3CS;
				INFOPLIST_FILE = ClearScoreUITests/Info.plist;
				LD_RUNPATH_SEARCH_PATHS = (
					"$(inherited)",
					"@executable_path/Frameworks",
					"@loader_path/Frameworks",
				);
				PRODUCT_BUNDLE_IDENTIFIER = com.rmeideas.ClearScoreUITests;
				PRODUCT_NAME = "$(TARGET_NAME)";
				SWIFT_VERSION = 5.0;
				TARGETED_DEVICE_FAMILY = "1,2";
				TEST_TARGET_NAME = ClearScore;
			};
			name = Release;
		};
/* End XCBuildConfiguration section */

/* Begin XCConfigurationList section */
		9058709023915701008FF8CF /* Build configuration list for PBXProject "ClearScore" */ = {
			isa = XCConfigurationList;
			buildConfigurations = (
				905870BD23915703008FF8CF /* Debug */,
				905870BE23915703008FF8CF /* Release */,
			);
			defaultConfigurationIsVisible = 0;
			defaultConfigurationName = Release;
		};
		905870BF23915703008FF8CF /* Build configuration list for PBXNativeTarget "ClearScore" */ = {
			isa = XCConfigurationList;
			buildConfigurations = (
				905870C023915703008FF8CF /* Debug */,
				905870C123915703008FF8CF /* Release */,
			);
			defaultConfigurationIsVisible = 0;
			defaultConfigurationName = Release;
		};
		905870C223915703008FF8CF /* Build configuration list for PBXNativeTarget "ClearScoreTests" */ = {
			isa = XCConfigurationList;
			buildConfigurations = (
				905870C323915703008FF8CF /* Debug */,
				905870C423915703008FF8CF /* Release */,
			);
			defaultConfigurationIsVisible = 0;
			defaultConfigurationName = Release;
		};
		905870C523915703008FF8CF /* Build configuration list for PBXNativeTarget "ClearScoreUITests" */ = {
			isa = XCConfigurationList;
			buildConfigurations = (
				905870C623915703008FF8CF /* Debug */,
				905870C723915703008FF8CF /* Release */,
			);
			defaultConfigurationIsVisible = 0;
			defaultConfigurationName = Release;
		};
/* End XCConfigurationList section */
	};
	rootObject = 9058708D23915701008FF8CF /* Project object */;
}
